{
  "name": "medisanCRM",
  "version": "1.0.0",
  "lockfileVersion": 1,
  "requires": true,
  "dependencies": {
    "@babel/code-frame": {
      "version": "7.10.1",
      "resolved": "https://registry.npmjs.org/@babel/code-frame/-/code-frame-7.10.1.tgz",
      "integrity": "sha512-IGhtTmpjGbYzcEDOw7DcQtbQSXcG9ftmAXtWTu9V936vDye4xjjekktFAtgZsWpzTj/X01jocB46mTywm/4SZw==",
      "requires": {
        "@babel/highlight": "^7.10.1"
      }
    },
    "@babel/generator": {
      "version": "7.10.1",
      "resolved": "https://registry.npmjs.org/@babel/generator/-/generator-7.10.1.tgz",
      "integrity": "sha512-AT0YPLQw9DI21tliuJIdplVfLHya6mcGa8ctkv7n4Qv+hYacJrKmNWIteAK1P9iyLikFIAkwqJ7HAOqIDLFfgA==",
      "requires": {
        "@babel/types": "^7.10.1",
        "jsesc": "^2.5.1",
        "lodash": "^4.17.13",
        "source-map": "^0.5.0"
      }
    },
    "@babel/helper-function-name": {
      "version": "7.10.1",
      "resolved": "https://registry.npmjs.org/@babel/helper-function-name/-/helper-function-name-7.10.1.tgz",
      "integrity": "sha512-fcpumwhs3YyZ/ttd5Rz0xn0TpIwVkN7X0V38B9TWNfVF42KEkhkAAuPCQ3oXmtTRtiPJrmZ0TrfS0GKF0eMaRQ==",
      "requires": {
        "@babel/helper-get-function-arity": "^7.10.1",
        "@babel/template": "^7.10.1",
        "@babel/types": "^7.10.1"
      }
    },
    "@babel/helper-get-function-arity": {
      "version": "7.10.1",
      "resolved": "https://registry.npmjs.org/@babel/helper-get-function-arity/-/helper-get-function-arity-7.10.1.tgz",
      "integrity": "sha512-F5qdXkYGOQUb0hpRaPoetF9AnsXknKjWMZ+wmsIRsp5ge5sFh4c3h1eH2pRTTuy9KKAA2+TTYomGXAtEL2fQEw==",
      "requires": {
        "@babel/types": "^7.10.1"
      }
    },
    "@babel/helper-split-export-declaration": {
      "version": "7.10.1",
      "resolved": "https://registry.npmjs.org/@babel/helper-split-export-declaration/-/helper-split-export-declaration-7.10.1.tgz",
      "integrity": "sha512-UQ1LVBPrYdbchNhLwj6fetj46BcFwfS4NllJo/1aJsT+1dLTEnXJL0qHqtY7gPzF8S2fXBJamf1biAXV3X077g==",
      "requires": {
        "@babel/types": "^7.10.1"
      }
    },
    "@babel/helper-validator-identifier": {
      "version": "7.10.1",
      "resolved": "https://registry.npmjs.org/@babel/helper-validator-identifier/-/helper-validator-identifier-7.10.1.tgz",
      "integrity": "sha512-5vW/JXLALhczRCWP0PnFDMCJAchlBvM7f4uk/jXritBnIa6E1KmqmtrS3yn1LAnxFBypQ3eneLuXjsnfQsgILw=="
    },
    "@babel/highlight": {
      "version": "7.10.1",
      "resolved": "https://registry.npmjs.org/@babel/highlight/-/highlight-7.10.1.tgz",
      "integrity": "sha512-8rMof+gVP8mxYZApLF/JgNDAkdKa+aJt3ZYxF8z6+j/hpeXL7iMsKCPHa2jNMHu/qqBwzQF4OHNoYi8dMA/rYg==",
      "requires": {
        "@babel/helper-validator-identifier": "^7.10.1",
        "chalk": "^2.0.0",
        "js-tokens": "^4.0.0"
      }
    },
    "@babel/parser": {
      "version": "7.10.1",
      "resolved": "https://registry.npmjs.org/@babel/parser/-/parser-7.10.1.tgz",
      "integrity": "sha512-AUTksaz3FqugBkbTZ1i+lDLG5qy8hIzCaAxEtttU6C0BtZZU9pkNZtWSVAht4EW9kl46YBiyTGMp9xTTGqViNg=="
    },
    "@babel/template": {
      "version": "7.10.1",
      "resolved": "https://registry.npmjs.org/@babel/template/-/template-7.10.1.tgz",
      "integrity": "sha512-OQDg6SqvFSsc9A0ej6SKINWrpJiNonRIniYondK2ViKhB06i3c0s+76XUft71iqBEe9S1OKsHwPAjfHnuvnCig==",
      "requires": {
        "@babel/code-frame": "^7.10.1",
        "@babel/parser": "^7.10.1",
        "@babel/types": "^7.10.1"
      }
    },
    "@babel/traverse": {
      "version": "7.10.1",
      "resolved": "https://registry.npmjs.org/@babel/traverse/-/traverse-7.10.1.tgz",
      "integrity": "sha512-C/cTuXeKt85K+p08jN6vMDz8vSV0vZcI0wmQ36o6mjbuo++kPMdpOYw23W2XH04dbRt9/nMEfA4W3eR21CD+TQ==",
      "requires": {
        "@babel/code-frame": "^7.10.1",
        "@babel/generator": "^7.10.1",
        "@babel/helper-function-name": "^7.10.1",
        "@babel/helper-split-export-declaration": "^7.10.1",
        "@babel/parser": "^7.10.1",
        "@babel/types": "^7.10.1",
        "debug": "^4.1.0",
        "globals": "^11.1.0",
        "lodash": "^4.17.13"
      }
    },
    "@babel/types": {
      "version": "7.10.1",
      "resolved": "https://registry.npmjs.org/@babel/types/-/types-7.10.1.tgz",
      "integrity": "sha512-L2yqUOpf3tzlW9GVuipgLEcZxnO+96SzR6fjXMuxxNkIgFJ5+07mHCZ+HkHqaeZu8+3LKnNJJ1bKbjBETQAsrA==",
      "requires": {
        "@babel/helper-validator-identifier": "^7.10.1",
        "lodash": "^4.17.13",
        "to-fast-properties": "^2.0.0"
      }
    },
    "ansi-styles": {
      "version": "3.2.1",
      "resolved": "https://registry.npmjs.org/ansi-styles/-/ansi-styles-3.2.1.tgz",
      "integrity": "sha512-VT0ZI6kZRdTh8YyJw3SMbYm/u+NqfsAxEpWO0Pf9sq8/e94WxxOpPKx9FR1FlyCtOVDNOQ+8ntlqFxiRc+r5qA==",
      "requires": {
        "color-convert": "^1.9.0"
      }
    },
    "babel-eslint": {
      "version": "9.0.0",
      "resolved": "https://registry.npmjs.org/babel-eslint/-/babel-eslint-9.0.0.tgz",
      "integrity": "sha512-itv1MwE3TMbY0QtNfeL7wzak1mV47Uy+n6HtSOO4Xd7rvmO+tsGQSgyOEEgo6Y2vHZKZphaoelNeSVj4vkLA1g==",
      "requires": {
        "@babel/code-frame": "^7.0.0",
        "@babel/parser": "^7.0.0",
        "@babel/traverse": "^7.0.0",
        "@babel/types": "^7.0.0",
        "eslint-scope": "3.7.1",
        "eslint-visitor-keys": "^1.0.0"
      }
    },
    "babel-runtime": {
      "version": "6.26.0",
      "resolved": "https://registry.npmjs.org/babel-runtime/-/babel-runtime-6.26.0.tgz",
      "integrity": "sha1-llxwWGaOgrVde/4E/yM3vItWR/4=",
      "requires": {
        "core-js": "^2.4.0",
        "regenerator-runtime": "^0.11.0"
      }
    },
    "chalk": {
      "version": "2.4.2",
      "resolved": "https://registry.npmjs.org/chalk/-/chalk-2.4.2.tgz",
      "integrity": "sha512-Mti+f9lpJNcwF4tWV8/OrTTtF1gZi+f8FqlyAdouralcFWFQWF2+NgCHShjkCb+IFBLq9buZwE1xckQU4peSuQ==",
      "requires": {
        "ansi-styles": "^3.2.1",
        "escape-string-regexp": "^1.0.5",
        "supports-color": "^5.3.0"
      }
    },
    "chameleon-api": {
      "version": "0.5.3",
      "resolved": "https://registry.npmjs.org/chameleon-api/-/chameleon-api-0.5.3.tgz",
      "integrity": "sha512-nmQRXO8tZR01+c0IwwMQ5gx3TrbM81/B6l9S5eZw2GrEqva1KYLuLXzx9f+eDVp1JMUaPKr/dOlCdoORJx8bvQ==",
      "requires": {
        "chameleon-bridge": "0.1.11",
        "child_process": "^1.0.2",
        "events": "^3.0.0",
        "fetch-detector": "^1.0.1",
        "fetch-ie8": "^1.5.0"
      }
    },
    "chameleon-bridge": {
      "version": "0.1.11",
      "resolved": "https://registry.npmjs.org/chameleon-bridge/-/chameleon-bridge-0.1.11.tgz",
      "integrity": "sha512-Tkkv+bDJJu0GNCdxhvgcETrmjRQfqQEQMlsWno/xU4jqcaWHkEt6StZJnduHYtEZazisvwOKt+KwXvYeoChkKQ=="
    },
    "chameleon-runtime": {
      "version": "0.2.2",
      "resolved": "https://registry.npmjs.org/chameleon-runtime/-/chameleon-runtime-0.2.2.tgz",
      "integrity": "sha512-eTXn9jd+xHdGmCpLH2SCnlWTwZH0em+7SYtDhnDMJQOAwNw7jhbMvddX/FK/qEx4RFFgT4N3TITBzZELywrFlg==",
      "requires": {
        "mobx": "3.6.1"
      }
    },
    "chameleon-scroll": {
      "version": "0.0.3",
      "resolved": "https://registry.npmjs.org/chameleon-scroll/-/chameleon-scroll-0.0.3.tgz",
      "integrity": "sha512-9ru7moY9uU3ZouE74OmZ4pP0YHRXkin+oLvfCqKaXHRhK2Cg8kdFRaofmaLJyokb0R6S4Q7h1IQAsMcFoWkmEA=="
    },
    "chameleon-store": {
      "version": "0.1.0-alpha.qq",
      "resolved": "https://registry.npmjs.org/chameleon-store/-/chameleon-store-0.1.0-alpha.qq.tgz",
      "integrity": "sha512-qDBu5kD4UKLA7hKIry3b5FIEL+v6QotYkj3GFRyPo7Xcz05rzmWL4O9755Eb5f5rUf+Z8GRyza4nidk3h0kv7w==",
      "requires": {
        "mobx": "3.6.1",
        "vuex": "3.0.1"
      }
    },
    "chameleon-ui-builtin": {
      "version": "0.2.11-alpha.qq",
      "resolved": "https://registry.npmjs.org/chameleon-ui-builtin/-/chameleon-ui-builtin-0.2.11-alpha.qq.tgz",
      "integrity": "sha512-YfPm0l66GYCp/lExARdQ+rFIe8nZ2wsSw/qUXxuZ3FbNX0DymlKFu0fNG6ASFfxJ2FAm2Z1+OOoNV9EowDQruQ==",
      "requires": {
        "chameleon-scroll": "0.0.3"
      }
    },
    "charenc": {
      "version": "0.0.2",
      "resolved": "https://registry.npmjs.org/charenc/-/charenc-0.0.2.tgz",
      "integrity": "sha1-wKHS86cJLgN3S/qD8UwPxXkKhmc="
    },
    "child_process": {
      "version": "1.0.2",
      "resolved": "https://registry.npmjs.org/child_process/-/child_process-1.0.2.tgz",
      "integrity": "sha1-sffn/HPSXn/R1FWtyU4UODAYK1o="
    },
    "chimee": {
      "version": "0.11.0",
      "resolved": "https://registry.npmjs.org/chimee/-/chimee-0.11.0.tgz",
      "integrity": "sha512-QITnKapshtfuGV+x7OmO+tTxn81nyoyTtPd1q2+BbwqLjYzZfhVDGEYRmchInACXtI7DTwfaE6uuPhlSYMXsAQ==",
      "requires": {
        "babel-runtime": "^6.26.0",
        "chimee-helper": "^0.2.11",
        "es-fullscreen": "^0.3.0",
        "toxic-decorators": "^0.3.8"
      }
    },
    "chimee-helper": {
      "version": "0.2.11",
      "resolved": "https://registry.npmjs.org/chimee-helper/-/chimee-helper-0.2.11.tgz",
      "integrity": "sha512-mLA02w9P5wf1qncJGw/GwjHrnGmrAp5OEKeOaNGGR0A9ZZ4sFuBoBO9xXlpAiRcoJXgGdpNrZK28lJ14cn3kfA==",
      "requires": {
        "babel-runtime": "^6.26.0",
        "chimee-helper-dom": "^0.1.8",
        "chimee-helper-events": "^0.1.0",
        "chimee-helper-log": "^0.1.3",
        "chimee-helper-utils": "^0.2.1",
        "toxic-predicate-functions": "^0.1.5",
        "toxic-utils": "^0.2.0",
        "ua-parser-js": "^0.7.17"
      }
    },
    "chimee-helper-dom": {
      "version": "0.1.8",
      "resolved": "https://registry.npmjs.org/chimee-helper-dom/-/chimee-helper-dom-0.1.8.tgz",
      "integrity": "sha512-V6yVko4Iy7cWZvQ1FmsFMeo4qriz0oYHfgKQqFW6XpykIYS+bxzjJ/9MbXoDUlfqE469KJQf9mq6qvONwn8IxQ==",
      "requires": {
        "babel-runtime": "^6.26.0",
        "chimee-helper-events": "^0.1.0",
        "chimee-helper-utils": "^0.2.0",
        "toxic-predicate-functions": "^0.1.5"
      }
    },
    "chimee-helper-events": {
      "version": "0.1.0",
      "resolved": "https://registry.npmjs.org/chimee-helper-events/-/chimee-helper-events-0.1.0.tgz",
      "integrity": "sha512-sdR2f0+QiT032BTcG/BS2IDY9/hxlv8dSenjwAXuiTzEsnTRRT6oC0tKXL3EdlhQgU35hULCBuEHEQetMCtIxw==",
      "requires": {
        "babel-runtime": "^6.23.0",
        "toxic-predicate-functions": "^0.1.2"
      }
    },
    "chimee-helper-log": {
      "version": "0.1.3",
      "resolved": "https://registry.npmjs.org/chimee-helper-log/-/chimee-helper-log-0.1.3.tgz",
      "integrity": "sha512-CCaQf3IyFOU7k4a50emdBzhn/aJ5TbTNtf7E0VIHRRMP/3zmK+xNkadu9LB9fXM7z/aNmWrjPgeqxbHIN+2XPA==",
      "requires": {
        "babel-runtime": "^6.23.0",
        "toxic-predicate-functions": "^0.1.2"
      }
    },
    "chimee-helper-utils": {
      "version": "0.2.1",
      "resolved": "https://registry.npmjs.org/chimee-helper-utils/-/chimee-helper-utils-0.2.1.tgz",
      "integrity": "sha512-8h2ISQMC3qb9SiRdxgPerThwPjMK9hyLYWCININNbj6DYy/bwC7jkMsaWsXh4QIMw1czuWVNt8w28m2SJoNKyg==",
      "requires": {
        "babel-runtime": "^6.23.0",
        "toxic-predicate-functions": "^0.1.2"
      }
    },
    "chimee-plugin-controlbar": {
      "version": "0.4.11",
      "resolved": "https://registry.npmjs.org/chimee-plugin-controlbar/-/chimee-plugin-controlbar-0.4.11.tgz",
      "integrity": "sha512-5mDqyPaZVWlUQ/pNOYSoBC6Day9g9+gekgUesIoCR637592yQlPuEUwH3Bg2Y8DslgtDIZrsc54uuWqvxKxJBw==",
      "requires": {
        "babel-eslint": "^9.0.0",
        "chimee-helper": "^0.2.11"
      }
    },
    "chimee-plugin-gesture": {
      "version": "0.0.13",
      "resolved": "https://registry.npmjs.org/chimee-plugin-gesture/-/chimee-plugin-gesture-0.0.13.tgz",
      "integrity": "sha512-TU48wePNc4QNoTfLnEbvlmn1Bx3oSvm1u4iePPWnod+jRny/W6gc9I3JBVbHrkfsCYnSWTLICBo8rE64JjxKdQ==",
      "requires": {
        "chimee-helper": "^0.2.6"
      }
    },
    "cml-ui": {
      "version": "0.2.1",
      "resolved": "https://registry.npmjs.org/cml-ui/-/cml-ui-0.2.1.tgz",
      "integrity": "sha512-6siZs4ykZw2jCGdkFyxtOBkLu9imq4Z9VXN2geXiYpH3/lBM/pm2D5u1F8pjgxu9sZVHye8I4PTLpX8TSPyn5Q=="
    },
    "color-convert": {
      "version": "1.9.3",
      "resolved": "https://registry.npmjs.org/color-convert/-/color-convert-1.9.3.tgz",
      "integrity": "sha512-QfAUtd+vFdAtFQcC8CCyYt1fYWxSqAiK2cSD6zDB8N3cpsEBAvRxp9zOGg6G/SHHJYAT88/az/IuDGALsNVbGg==",
      "requires": {
        "color-name": "1.1.3"
      }
    },
    "color-name": {
      "version": "1.1.3",
      "resolved": "https://registry.npmjs.org/color-name/-/color-name-1.1.3.tgz",
      "integrity": "sha1-p9BVi9icQveV3UIyj3QIMcpTvCU="
    },
    "core-js": {
      "version": "2.6.11",
      "resolved": "https://registry.npmjs.org/core-js/-/core-js-2.6.11.tgz",
      "integrity": "sha512-5wjnpaT/3dV+XB4borEsnAYQchn00XSgTAWKDkEqv+K8KevjbzmofK6hfJ9TZIlpj2N0xQpazy7PiRQiWHqzWg=="
    },
    "crypt": {
      "version": "0.0.2",
      "resolved": "https://registry.npmjs.org/crypt/-/crypt-0.0.2.tgz",
      "integrity": "sha1-iNf/fsDfuG9xPch7u0LQRNPmxBs="
    },
    "debug": {
      "version": "4.1.1",
      "resolved": "https://registry.npmjs.org/debug/-/debug-4.1.1.tgz",
      "integrity": "sha512-pYAIzeRo8J6KPEaJ0VWOh5Pzkbw/RetuzehGM7QRRX5he4fPHx2rdKMB256ehJCkX+XRQm16eZLqLNS8RSZXZw==",
      "requires": {
        "ms": "^2.1.1"
      }
    },
    "deepmerge": {
      "version": "4.2.2",
      "resolved": "https://registry.npmjs.org/deepmerge/-/deepmerge-4.2.2.tgz",
      "integrity": "sha512-FJ3UgI4gIl+PHZm53knsuSFpE+nESMr7M4v9QcgB7S63Kj/6WqMiFQJpBBYz1Pt+66bZpP3Q7Lye0Oo9MPKEdg=="
    },
    "es-fullscreen": {
      "version": "0.3.0",
      "resolved": "https://registry.npmjs.org/es-fullscreen/-/es-fullscreen-0.3.0.tgz",
      "integrity": "sha512-6YscjrBLLTYZvi9SMERz7HYy6ONlbYRVoAilMpeuTazXxzztaFV313u57fECCf4WwSjRGQCEFuYC2F/dsgd5Jg==",
      "requires": {
        "babel-runtime": "^6.26.0",
        "toxic-decorators": "^0.3.8",
        "toxic-predicate-functions": "^0.1.4"
      }
    },
    "escape-string-regexp": {
      "version": "1.0.5",
      "resolved": "https://registry.npmjs.org/escape-string-regexp/-/escape-string-regexp-1.0.5.tgz",
      "integrity": "sha1-G2HAViGQqN/2rjuyzwIAyhMLhtQ="
    },
    "eslint-scope": {
      "version": "3.7.1",
      "resolved": "https://registry.npmjs.org/eslint-scope/-/eslint-scope-3.7.1.tgz",
      "integrity": "sha1-PWPD7f2gLgbgGkUq2IyqzHzctug=",
      "requires": {
        "esrecurse": "^4.1.0",
        "estraverse": "^4.1.1"
      }
    },
    "eslint-visitor-keys": {
      "version": "1.1.0",
      "resolved": "https://registry.npmjs.org/eslint-visitor-keys/-/eslint-visitor-keys-1.1.0.tgz",
      "integrity": "sha512-8y9YjtM1JBJU/A9Kc+SbaOV4y29sSWckBwMHa+FGtVj5gN/sbnKDf6xJUl+8g7FAij9LVaP8C24DUiH/f/2Z9A=="
    },
    "esrecurse": {
      "version": "4.2.1",
      "resolved": "https://registry.npmjs.org/esrecurse/-/esrecurse-4.2.1.tgz",
      "integrity": "sha512-64RBB++fIOAXPw3P9cy89qfMlvZEXZkqqJkjqqXIvzP5ezRZjW+lPWjw35UX/3EhUPFYbg5ER4JYgDw4007/DQ==",
      "requires": {
        "estraverse": "^4.1.0"
      }
    },
    "estraverse": {
      "version": "4.3.0",
      "resolved": "https://registry.npmjs.org/estraverse/-/estraverse-4.3.0.tgz",
      "integrity": "sha512-39nnKffWz8xN1BU/2c79n9nB9HDzo0niYUqx6xyqUnyoAnQyyWpOTdZEeiCch8BBu515t4wp9ZmgVfVhn9EBpw=="
    },
    "events": {
      "version": "3.0.0",
      "resolved": "https://registry.npmjs.org/events/-/events-3.0.0.tgz",
      "integrity": "sha512-Dc381HFWJzEOhQ+d8pkNon++bk9h6cdAoAj4iE6Q4y6xgTzySWXlKn05/TVNpjnfRqi/X0EpJEJohPjNI3zpVA=="
    },
    "fetch-detector": {
      "version": "1.0.1",
      "resolved": "https://registry.npmjs.org/fetch-detector/-/fetch-detector-1.0.1.tgz",
      "integrity": "sha1-bLPq9zjCcnhi6GiA1hIUI+qkIIM="
    },
    "fetch-ie8": {
      "version": "1.5.0",
      "resolved": "https://registry.npmjs.org/fetch-ie8/-/fetch-ie8-1.5.0.tgz",
      "integrity": "sha1-8RQcP5bLyJN6oxsPvBp3AiD7wVs="
    },
    "globals": {
      "version": "11.12.0",
      "resolved": "https://registry.npmjs.org/globals/-/globals-11.12.0.tgz",
      "integrity": "sha512-WOBp/EEGUiIsJSp7wcv/y6MO+lV9UoncWqxuFfm8eBwzWNgyfBd6Gz+IeKQ9jCmyhoH99g15M3T+QaVHFjizVA=="
    },
    "has-flag": {
      "version": "3.0.0",
      "resolved": "https://registry.npmjs.org/has-flag/-/has-flag-3.0.0.tgz",
      "integrity": "sha1-tdRU3CGZriJWmfNGfloH87lVuv0="
    },
    "is-buffer": {
      "version": "1.1.6",
      "resolved": "https://registry.npmjs.org/is-buffer/-/is-buffer-1.1.6.tgz",
      "integrity": "sha512-NcdALwpXkTm5Zvvbk7owOUSvVvBKDgKP5/ewfXEznmQFfs4ZRmanOeKBTjRVjka3QFoN6XJ+9F3USqfHqTaU5w=="
    },
    "js-tokens": {
      "version": "4.0.0",
      "resolved": "https://registry.npmjs.org/js-tokens/-/js-tokens-4.0.0.tgz",
      "integrity": "sha512-RdJUflcE3cUzKiMqQgsCu06FPu9UdIJO0beYbPhHN4k6apgJtifcoCtT9bcxOpYBtpD2kCM6Sbzg4CausW/PKQ=="
    },
    "jsesc": {
      "version": "2.5.2",
      "resolved": "https://registry.npmjs.org/jsesc/-/jsesc-2.5.2.tgz",
      "integrity": "sha512-OYu7XEzjkCQ3C5Ps3QIZsQfNpqoJyZZA99wd9aWd05NCtC5pWOkShK2mkL6HXQR6/Cy2lbNdPlZBpuQHXE63gA=="
    },
    "load-script": {
      "version": "1.0.0",
      "resolved": "https://registry.npmjs.org/load-script/-/load-script-1.0.0.tgz",
      "integrity": "sha1-BJGTngvuVkPuSUp+PaPSuscMbKQ="
    },
    "localStorage": {
      "version": "1.0.4",
      "resolved": "https://registry.npmjs.org/localStorage/-/localStorage-1.0.4.tgz",
      "integrity": "sha512-r35zrihcDiX+dqWlJSeIwS9nrF95OQTgqMFm3FB2D/+XgdmZtcutZOb7t0xXkhOEM8a9kpuu7cc28g1g36I5DQ=="
    },
    "lodash": {
      "version": "4.17.15",
      "resolved": "https://registry.npmjs.org/lodash/-/lodash-4.17.15.tgz",
      "integrity": "sha512-8xOcRHvCjnocdS5cpwXQXVzmmh5e5+saE2QGoeQmbKmRS6J3VQppPOIt0MnmE+4xlZoumy0GPG0D0MVIQbNA1A=="
    },
    "loose-envify": {
      "version": "1.4.0",
      "resolved": "https://registry.npmjs.org/loose-envify/-/loose-envify-1.4.0.tgz",
      "integrity": "sha512-lyuxPGr/Wfhrlem2CL/UcnUc1zcqKAImBDzukY7Y5F/yQiNdko6+fRLevlw1HgMySw7f611UIY408EtxRSoK3Q==",
      "requires": {
        "js-tokens": "^3.0.0 || ^4.0.0"
      }
    },
    "md5": {
      "version": "2.2.1",
      "resolved": "https://registry.npmjs.org/md5/-/md5-2.2.1.tgz",
      "integrity": "sha1-U6s41f48iJG6RlMp6iP6wFQBJvk=",
      "requires": {
        "charenc": "~0.0.1",
        "crypt": "~0.0.1",
        "is-buffer": "~1.1.1"
      }
    },
    "memoize-one": {
      "version": "5.1.1",
      "resolved": "https://registry.npmjs.org/memoize-one/-/memoize-one-5.1.1.tgz",
      "integrity": "sha512-HKeeBpWvqiVJD57ZUAsJNm71eHTykffzcLZVYWiVfQeI1rJtuEaS7hQiEpWfVVk18donPwJEcFKIkCmPJNOhHA=="
    },
    "mobx": {
      "version": "3.6.1",
      "resolved": "https://registry.npmjs.org/mobx/-/mobx-3.6.1.tgz",
      "integrity": "sha1-rmOo8A4UhadA0Pka4val9o4wO+o="
    },
    "ms": {
      "version": "2.1.2",
      "resolved": "https://registry.npmjs.org/ms/-/ms-2.1.2.tgz",
      "integrity": "sha512-sGkPx+VjMtmA6MX27oA4FBFELFCZZ4S4XqeGOXCv68tT+jb3vk/RyaKWP0PTKyWtmLSM0b+adUTEvbs1PEaH2w=="
    },
    "object-assign": {
      "version": "4.1.1",
      "resolved": "https://registry.npmjs.org/object-assign/-/object-assign-4.1.1.tgz",
      "integrity": "sha1-IQmtx5ZYh8/AXLvUQsrIv7s2CGM="
    },
    "prop-types": {
      "version": "15.7.2",
      "resolved": "https://registry.npmjs.org/prop-types/-/prop-types-15.7.2.tgz",
      "integrity": "sha512-8QQikdH7//R2vurIJSutZ1smHYTcLpRWEOlHnzcWHmBYrOGUysKwSsrC89BCiFj3CbrfJ/nXFdJepOVrY1GCHQ==",
      "requires": {
        "loose-envify": "^1.4.0",
        "object-assign": "^4.1.1",
        "react-is": "^16.8.1"
      }
    },
    "react": {
      "version": "16.13.1",
      "resolved": "https://registry.npmjs.org/react/-/react-16.13.1.tgz",
      "integrity": "sha512-YMZQQq32xHLX0bz5Mnibv1/LHb3Sqzngu7xstSM+vrkE5Kzr9xE0yMByK5kMoTK30YVJE61WfbxIFFvfeDKT1w==",
      "requires": {
        "loose-envify": "^1.1.0",
        "object-assign": "^4.1.1",
        "prop-types": "^15.6.2"
      }
    },
    "react-fast-compare": {
      "version": "3.1.1",
      "resolved": "https://registry.npmjs.org/react-fast-compare/-/react-fast-compare-3.1.1.tgz",
      "integrity": "sha512-SCsAORWK59BvauR2L1BTdjQbJcSGJJz03U0awektk2hshLKrITDDFTlgGCqIZpTDlPC/NFlZee6xTMzXPVLiHw=="
    },
    "react-is": {
      "version": "16.13.1",
      "resolved": "https://registry.npmjs.org/react-is/-/react-is-16.13.1.tgz",
      "integrity": "sha512-24e6ynE2H+OKt4kqsOvNd8kBpV65zoxbA4BVsEOB3ARVWQki/DHzaUoC5KuON/BiccDaCCTZBuOcfZs70kR8bQ=="
    },
    "react-player": {
      "version": "2.1.0",
      "resolved": "https://registry.npmjs.org/react-player/-/react-player-2.1.0.tgz",
      "integrity": "sha512-7phVl89BncbT7dall+CJSWBMK7MR/9Ar+glB/McBokVne7B3Gkzg6Wyap4XYGD3eWILq6u31MSWevWr2eFeW1w==",
      "requires": {
        "deepmerge": "^4.0.0",
        "load-script": "^1.0.0",
        "memoize-one": "^5.1.1",
        "prop-types": "^15.7.2",
        "react-fast-compare": "^3.0.1"
      }
    },
    "regenerator-runtime": {
      "version": "0.11.1",
      "resolved": "https://registry.npmjs.org/regenerator-runtime/-/regenerator-runtime-0.11.1.tgz",
      "integrity": "sha512-MguG95oij0fC3QV3URf4V2SDYGJhJnJGqvIIgdECeODCT98wSWDAJ94SSuVpYQUoTcGUIL6L4yNB7j1DFFHSBg=="
    },
    "source-map": {
      "version": "0.5.7",
      "resolved": "https://registry.npmjs.org/source-map/-/source-map-0.5.7.tgz",
      "integrity": "sha1-igOdLRAh0i0eoUyA2OpGi6LvP8w="
    },
    "supports-color": {
      "version": "5.5.0",
      "resolved": "https://registry.npmjs.org/supports-color/-/supports-color-5.5.0.tgz",
      "integrity": "sha512-QjVjwdXIt408MIiAqCX4oUKsgU2EqAGzs2Ppkm4aQYbjm+ZEWEcW4SfFNTr4uMNZma0ey4f5lgLrkB0aX0QMow==",
      "requires": {
        "has-flag": "^3.0.0"
      }
    },
    "to-fast-properties": {
      "version": "2.0.0",
      "resolved": "https://registry.npmjs.org/to-fast-properties/-/to-fast-properties-2.0.0.tgz",
      "integrity": "sha1-3F5pjL0HkmW8c+A3doGk5Og/YW4="
    },
    "toxic-decorators": {
      "version": "0.3.8",
      "resolved": "https://registry.npmjs.org/toxic-decorators/-/toxic-decorators-0.3.8.tgz",
      "integrity": "sha1-fEvDFWS8QxPVzuhrKHTc7/+ZyOE=",
      "requires": {
        "babel-runtime": "^6.25.0",
        "toxic-predicate-functions": "^0.1.2",
        "toxic-utils": "^0.1.5"
      },
      "dependencies": {
        "toxic-utils": {
          "version": "0.1.6",
          "resolved": "https://registry.npmjs.org/toxic-utils/-/toxic-utils-0.1.6.tgz",
          "integrity": "sha512-Jm6nvMUx7E6rb3Fyw0y4im8wrNI1bsaVpjKLCtisgpDgwyxOWZCTbhzJjAQdu2ccctNopKlPzh2UgMHxCJIlCw==",
          "requires": {
            "babel-runtime": "^6.26.0",
            "toxic-predicate-functions": "^0.1.4"
          }
        }
      }
    },
    "toxic-predicate-functions": {
      "version": "0.1.5",
      "resolved": "https://registry.npmjs.org/toxic-predicate-functions/-/toxic-predicate-functions-0.1.5.tgz",
      "integrity": "sha512-CEXK9vd69LC3VDfqK3Ntb8sPYmfzDXI/4w7FE8uVbufOtGy3vt+h33fKUx21eI/c+F6O6NTcdoeWr91GJWXwNA==",
      "requires": {
        "babel-runtime": "^6.23.0"
      }
    },
    "toxic-utils": {
      "version": "0.2.0",
      "resolved": "https://registry.npmjs.org/toxic-utils/-/toxic-utils-0.2.0.tgz",
      "integrity": "sha512-3AFj4RS6sSTolHcE2dKlihvghxeUKb58r3wltHJYRtz6oRhxgl39TGvqpxeSo2uvbYvK0r8qV9spC932uY+0wg==",
      "requires": {
        "babel-runtime": "^6.26.0",
        "toxic-predicate-functions": "^0.1.4"
      }
    },
    "ua-parser-js": {
      "version": "0.7.20",
      "resolved": "https://registry.npmjs.org/ua-parser-js/-/ua-parser-js-0.7.20.tgz",
      "integrity": "sha512-8OaIKfzL5cpx8eCMAhhvTlft8GYF8b2eQr6JkCyVdrgjcytyOmPCXrqXFcUnhonRpLlh5yxEZVohm6mzaowUOw=="
    },
    "vuex": {
      "version": "3.0.1",
      "resolved": "https://registry.npmjs.org/vuex/-/vuex-3.0.1.tgz",
      "integrity": "sha512-wLoqz0B7DSZtgbWL1ShIBBCjv22GV5U+vcBFox658g6V0s4wZV9P4YjCNyoHSyIBpj1f29JBoNQIqD82cR4O3w=="
    },
    "we-validator": {
      "version": "2.1.10",
      "resolved": "https://registry.npmjs.org/we-validator/-/we-validator-2.1.10.tgz",
      "integrity": "sha512-+Ks1ko4aSbBMeckarbePko9BpsCk4QESGUl2jTGPMmTysxDlYMokd+qw99Y49ihGqIdVAYcDZMA2vGQq9XS5Qg=="
    }
  }
}
